
Microsoft Visual Studio Solution File, Format Version 12.00
# Visual Studio Version 17
VisualStudioVersion = 17.10.35004.147
MinimumVisualStudioVersion = 10.0.40219.1
Project("{9A19103F-16F7-4668-BE54-9A1E7A4F7556}") = "StudentApp", "StudentApp\StudentApp.csproj", "{EABD5C60-CF81-410A-B2D7-E9F37E9E8BF0}"
EndProject
Global
	GlobalSection(SolutionConfigurationPlatforms) = preSolution
		Debug|Any CPU = Debug|Any CPU
		Release|Any CPU = Release|Any CPU
	EndGlobalSection
	GlobalSection(ProjectConfigurationPlatforms) = postSolution
		{EABD5C60-CF81-410A-B2D7-E9F37E9E8BF0}.Debug|Any CPU.ActiveCfg = Debug|Any CPU
		{EABD5C60-CF81-410A-B2D7-E9F37E9E8BF0}.Debug|Any CPU.Build.0 = Debug|Any CPU
		{EABD5C60-CF81-410A-B2D7-E9F37E9E8BF0}.Release|Any CPU.ActiveCfg = Release|Any CPU
		{EABD5C60-CF81-410A-B2D7-E9F37E9E8BF0}.Release|Any CPU.Build.0 = Release|Any CPU
	EndGlobalSection
	GlobalSection(SolutionProperties) = preSolution
		HideSolutionNode = FALSE
	EndGlobalSection
	GlobalSection(ExtensibilityGlobals) = postSolution
		SolutionGuid = {CA38C340-57E7-4796-AC52-BA3D3530EEE8}
	EndGlobalSection
EndGlobal
