
Microsoft Visual Studio Solution File, Format Version 12.00
# Visual Studio Version 17
VisualStudioVersion = 17.9.34622.214
MinimumVisualStudioVersion = 10.0.40219.1
Project("{FAE04EC0-301F-11D3-BF4B-00C04F79EFBC}") = "PROGATTEMPT", "PROGATTEMPT\PROGATTEMPT.csproj", "{532772A3-7B4F-423A-8550-8144D8B2D801}"
EndProject
Global
	GlobalSection(SolutionConfigurationPlatforms) = preSolution
		Debug|Any CPU = Debug|Any CPU
		Release|Any CPU = Release|Any CPU
	EndGlobalSection
	GlobalSection(ProjectConfigurationPlatforms) = postSolution
		{532772A3-7B4F-423A-8550-8144D8B2D801}.Debug|Any CPU.ActiveCfg = Debug|Any CPU
		{532772A3-7B4F-423A-8550-8144D8B2D801}.Debug|Any CPU.Build.0 = Debug|Any CPU
		{532772A3-7B4F-423A-8550-8144D8B2D801}.Release|Any CPU.ActiveCfg = Release|Any CPU
		{532772A3-7B4F-423A-8550-8144D8B2D801}.Release|Any CPU.Build.0 = Release|Any CPU
	EndGlobalSection
	GlobalSection(SolutionProperties) = preSolution
		HideSolutionNode = FALSE
	EndGlobalSection
	GlobalSection(ExtensibilityGlobals) = postSolution
		SolutionGuid = {20E953BA-F817-4FFF-96DB-E47F66B89870}
	EndGlobalSection
EndGlobal
