
Microsoft Visual Studio Solution File, Format Version 12.00
# Visual Studio Version 17
VisualStudioVersion = 17.10.35004.147
MinimumVisualStudioVersion = 10.0.40219.1
Project("{FAE04EC0-301F-11D3-BF4B-00C04F79EFBC}") = "IndexerClassExample", "IndexerClassExample\IndexerClassExample.csproj", "{8459668D-CB6F-48F2-97CF-9D41521F50FB}"
EndProject
Global
	GlobalSection(SolutionConfigurationPlatforms) = preSolution
		Debug|Any CPU = Debug|Any CPU
		Release|Any CPU = Release|Any CPU
	EndGlobalSection
	GlobalSection(ProjectConfigurationPlatforms) = postSolution
		{8459668D-CB6F-48F2-97CF-9D41521F50FB}.Debug|Any CPU.ActiveCfg = Debug|Any CPU
		{8459668D-CB6F-48F2-97CF-9D41521F50FB}.Debug|Any CPU.Build.0 = Debug|Any CPU
		{8459668D-CB6F-48F2-97CF-9D41521F50FB}.Release|Any CPU.ActiveCfg = Release|Any CPU
		{8459668D-CB6F-48F2-97CF-9D41521F50FB}.Release|Any CPU.Build.0 = Release|Any CPU
	EndGlobalSection
	GlobalSection(SolutionProperties) = preSolution
		HideSolutionNode = FALSE
	EndGlobalSection
	GlobalSection(ExtensibilityGlobals) = postSolution
		SolutionGuid = {282FEC73-F1EB-48D4-B86E-30E2DEE6F8F4}
	EndGlobalSection
EndGlobal
