
Microsoft Visual Studio Solution File, Format Version 12.00
# Visual Studio Version 17
VisualStudioVersion = 17.10.35004.147
MinimumVisualStudioVersion = 10.0.40219.1
Project("{FAE04EC0-301F-11D3-BF4B-00C04F79EFBC}") = "interface", "interface\interface.csproj", "{A49F98BA-895B-4308-A135-F4A332F732CF}"
EndProject
Global
	GlobalSection(SolutionConfigurationPlatforms) = preSolution
		Debug|Any CPU = Debug|Any CPU
		Release|Any CPU = Release|Any CPU
	EndGlobalSection
	GlobalSection(ProjectConfigurationPlatforms) = postSolution
		{A49F98BA-895B-4308-A135-F4A332F732CF}.Debug|Any CPU.ActiveCfg = Debug|Any CPU
		{A49F98BA-895B-4308-A135-F4A332F732CF}.Debug|Any CPU.Build.0 = Debug|Any CPU
		{A49F98BA-895B-4308-A135-F4A332F732CF}.Release|Any CPU.ActiveCfg = Release|Any CPU
		{A49F98BA-895B-4308-A135-F4A332F732CF}.Release|Any CPU.Build.0 = Release|Any CPU
	EndGlobalSection
	GlobalSection(SolutionProperties) = preSolution
		HideSolutionNode = FALSE
	EndGlobalSection
	GlobalSection(ExtensibilityGlobals) = postSolution
		SolutionGuid = {C3F9B059-0329-4D36-9AD5-A90060574B1E}
	EndGlobalSection
EndGlobal
