
Microsoft Visual Studio Solution File, Format Version 12.00
# Visual Studio Version 17
VisualStudioVersion = 17.9.34622.214
MinimumVisualStudioVersion = 10.0.40219.1
Project("{FAE04EC0-301F-11D3-BF4B-00C04F79EFBC}") = "ClassProgram", "ClassProgram\ClassProgram.csproj", "{2F13B04E-1C2A-4F79-8BF9-4BA4B3D5038B}"
EndProject
Global
	GlobalSection(SolutionConfigurationPlatforms) = preSolution
		Debug|Any CPU = Debug|Any CPU
		Release|Any CPU = Release|Any CPU
	EndGlobalSection
	GlobalSection(ProjectConfigurationPlatforms) = postSolution
		{2F13B04E-1C2A-4F79-8BF9-4BA4B3D5038B}.Debug|Any CPU.ActiveCfg = Debug|Any CPU
		{2F13B04E-1C2A-4F79-8BF9-4BA4B3D5038B}.Debug|Any CPU.Build.0 = Debug|Any CPU
		{2F13B04E-1C2A-4F79-8BF9-4BA4B3D5038B}.Release|Any CPU.ActiveCfg = Release|Any CPU
		{2F13B04E-1C2A-4F79-8BF9-4BA4B3D5038B}.Release|Any CPU.Build.0 = Release|Any CPU
	EndGlobalSection
	GlobalSection(SolutionProperties) = preSolution
		HideSolutionNode = FALSE
	EndGlobalSection
	GlobalSection(ExtensibilityGlobals) = postSolution
		SolutionGuid = {F2BC830F-0F03-4E20-90EC-A9473156778B}
	EndGlobalSection
EndGlobal
